{
  "name": "gravel-demo",
  "version": "0.1.0",
  "lockfileVersion": 1,
  "requires": true,
  "dependencies": {
    "1e14": {
      "version": "0.1.1"
    },
    "1e14-fp": {
      "version": "0.1.0",
      "requires": {
        "1e14": "^0.1.0"
      }
    },
    "gravel-view-dom-lib": {
      "version": "0.1.0",
      "requires": {
        "1e14": "^0.1.0",
        "ninety": "^0.1.0"
      }
    },
    "ninety": {
      "version": "0.1.0",
      "requires": {
        "1e14": "^0.1.0"
      }
    }
  }
}
