{
  "name": "@protoboard/gravel-model",
  "version": "0.1.0",
  "lockfileVersion": 1,
  "requires": true,
  "dependencies": {
    "@protoboard/river": {
      "version": "0.1.0"
    },
    "@protoboard/river-stdlib": {
      "version": "0.1.0",
      "requires": {
        "@protoboard/river": "^0.1.0"
      }
    }
  }
}
