{
  "name": "ninety-mvvm",
  "version": "0.1.0",
  "lockfileVersion": 1,
  "requires": true,
  "dependencies": {
    "flamejet": {
      "version": "0.1.0",
      "requires": {
        "flowcode": "^0.1.0"
      }
    },
    "flowcode": {
      "version": "0.1.3"
    },
    "flowcode-flow": {
      "version": "0.1.2",
      "requires": {
        "flowcode": "^0.1.0"
      }
    },
    "flowcode-fp": {
      "version": "0.1.2",
      "requires": {
        "flowcode": "^0.1.0"
      }
    }
  }
}
