{
  "name": "ninety-ui-dom",
  "version": "0.1.0",
  "lockfileVersion": 1,
  "requires": true,
  "dependencies": {
    "1e14": {
      "version": "0.1.3"
    },
    "flamejet": {
      "version": "0.1.0",
      "requires": {
        "1e14": "^0.1.0"
      }
    },
    "ninety-mvvm": {
      "version": "0.1.0",
      "requires": {
        "1e14": "^0.1.0",
        "1e14-flow": "^0.1.0",
        "1e14-fp": "^0.1.0",
        "flamejet": "^0.1.0"
      }
    },
    "ninety-view-dom": {
      "version": "0.1.0",
      "requires": {
        "1e14": "^0.1.0",
        "flamejet": "^0.1.0",
        "ninety-mvvm": "^0.1.0"
      }
    }
  }
}
