{
  "name": "ninety",
  "version": "0.1.1",
  "lockfileVersion": 1,
  "requires": true,
  "dependencies": {
    "flamejet": {
      "version": "0.1.0",
      "requires": {
        "1e14": "^0.1.0"
      }
    },
    "ninety-dom": {
      "version": "0.1.0",
      "requires": {
        "1e14": "^0.1.0"
      }
    },
    "ninety-location": {
      "version": "0.1.0",
      "requires": {
        "1e14": "^0.1.0"
      }
    },
    "ninety-router": {
      "version": "0.1.1",
      "requires": {
        "1e14": "^0.1.0"
      }
    },
    "ninety-view-dom": {
      "version": "0.1.0",
      "requires": {
        "1e14": "^0.1.0",
        "flamejet": "^0.1.0"
      }
    },
    "ninety-webworker": {
      "version": "0.1.0",
      "requires": {
        "1e14": "^0.1.0"
      }
    }
  }
}
