{
  "name": "gravel-playground",
  "version": "0.1.0",
  "lockfileVersion": 1,
  "requires": true,
  "dependencies": {
    "gravel-dom": {
      "version": "0.1.0",
      "requires": {
        "river-core": "^0.1.0"
      }
    },
    "gravel-model": {
      "version": "0.1.0",
      "requires": {
        "gravel-types": "^0.1.0",
        "river-core": "^0.1.0",
        "river-stdlib": "^0.1.0"
      }
    },
    "gravel-routing": {
      "version": "0.1.0",
      "requires": {
        "river-core": "^0.1.0"
      }
    },
    "gravel-types": {
      "version": "0.1.0",
      "requires": {
        "river-core": "^0.1.0"
      }
    },
    "river-browser": {
      "version": "0.1.0",
      "requires": {
        "river-core": "^0.1.0"
      }
    },
    "river-core": {
      "version": "0.1.0"
    },
    "river-stdlib": {
      "version": "0.1.0",
      "requires": {
        "river-core": "^0.1.0"
      }
    }
  }
}
